// !$*UTF8*$!
{
	archiveVersion = 1;
	classes = {
	};
	objectVersion = 46;
	objects = {

/* Begin PBXBuildFile section */
		25169E6A199A091C0000304B /* HeaderViewController.m in Sources */ = {isa = PBXBuildFile; fileRef = 25169E69199A091C0000304B /* HeaderViewController.m */; };
		252C264019A3F962005BF985 /* NYSORAHeaderTableViewCell.m in Sources */ = {isa = PBXBuildFile; fileRef = 252C263F19A3F962005BF985 /* NYSORAHeaderTableViewCell.m */; };
		2545192419A51D44000E9AE1 /* NYSORAHeadersPaginationView.m in Sources */ = {isa = PBXBuildFile; fileRef = 2545192319A51D44000E9AE1 /* NYSORAHeadersPaginationView.m */; };
		25A59F2D19A7DB0F00D7936F /* content in Resources */ = {isa = PBXBuildFile; fileRef = 25CB70BA199B885B00266A9B /* content */; };
		25AC32A419994C2A00C872F7 /* main.m in Sources */ = {isa = PBXBuildFile; fileRef = 25AC32A319994C2A00C872F7 /* main.m */; };
		25AC32A719994C2A00C872F7 /* AppDelegate.m in Sources */ = {isa = PBXBuildFile; fileRef = 25AC32A619994C2A00C872F7 /* AppDelegate.m */; };
		25AC32AA19994C2A00C872F7 /* ViewController.m in Sources */ = {isa = PBXBuildFile; fileRef = 25AC32A919994C2A00C872F7 /* ViewController.m */; };
		25AC32AD19994C2A00C872F7 /* Main.storyboard in Resources */ = {isa = PBXBuildFile; fileRef = 25AC32AB19994C2A00C872F7 /* Main.storyboard */; };
		25AC32AF19994C2A00C872F7 /* Images.xcassets in Resources */ = {isa = PBXBuildFile; fileRef = 25AC32AE19994C2A00C872F7 /* Images.xcassets */; };
		25AC32BB19994C2A00C872F7 /* nysoraTests.m in Sources */ = {isa = PBXBuildFile; fileRef = 25AC32BA19994C2A00C872F7 /* nysoraTests.m */; };
		25AC32C619994DF100C872F7 /* BlockViewController.m in Sources */ = {isa = PBXBuildFile; fileRef = 25AC32C519994DF100C872F7 /* BlockViewController.m */; };
		25CB70BB199B885B00266A9B /* content in Resources */ = {isa = PBXBuildFile; fileRef = 25CB70BA199B885B00266A9B /* content */; };
		25D2385E19A8B8F70021FF38 /* NYSORAFeaturedContentView.m in Sources */ = {isa = PBXBuildFile; fileRef = 25D2385D19A8B8F70021FF38 /* NYSORAFeaturedContentView.m */; };
		25FE774119A32BE400332992 /* NYSORABlocksTableViewCell.m in Sources */ = {isa = PBXBuildFile; fileRef = 25FE773F19A32BE400332992 /* NYSORABlocksTableViewCell.m */; };
		25FE774219A32BE400332992 /* NYSORABlocksTableViewCell.xib in Resources */ = {isa = PBXBuildFile; fileRef = 25FE774019A32BE400332992 /* NYSORABlocksTableViewCell.xib */; };
		81D0E9F019A1009A009B9A79 /* MMDrawerController.m in Sources */ = {isa = PBXBuildFile; fileRef = 81D0E9EF19A1009A009B9A79 /* MMDrawerController.m */; };
		81D0E9F519A103B0009B9A79 /* DrawerViewController.m in Sources */ = {isa = PBXBuildFile; fileRef = 81D0E9F419A103B0009B9A79 /* DrawerViewController.m */; };
		81D0E9F719A10523009B9A79 /* MMDrawerBarButtonItem.m in Sources */ = {isa = PBXBuildFile; fileRef = 81D0E9F619A10523009B9A79 /* MMDrawerBarButtonItem.m */; };
		81D0E9F919A14985009B9A79 /* MMDrawerVisualState.m in Sources */ = {isa = PBXBuildFile; fileRef = 81D0E9F819A14985009B9A79 /* MMDrawerVisualState.m */; };
		81D0E9FC19A149F6009B9A79 /* MMExampleDrawerVisualStateManager.m in Sources */ = {isa = PBXBuildFile; fileRef = 81D0E9FB19A149F6009B9A79 /* MMExampleDrawerVisualStateManager.m */; };
		81D0E9FF19A14CB2009B9A79 /* UIViewController+MMDrawerController.m in Sources */ = {isa = PBXBuildFile; fileRef = 81D0E9FE19A14CB2009B9A79 /* UIViewController+MMDrawerController.m */; };
		81D0EA0819A25758009B9A79 /* MMTableViewCell.m in Sources */ = {isa = PBXBuildFile; fileRef = 81D0EA0719A25758009B9A79 /* MMTableViewCell.m */; };
		81D0EA0B19A3BEE1009B9A79 /* MMSideDrawerTableViewCell.m in Sources */ = {isa = PBXBuildFile; fileRef = 81D0EA0A19A3BEE1009B9A79 /* MMSideDrawerTableViewCell.m */; };
		81E3D158199E634E009B87A9 /* NavigationViewController.m in Sources */ = {isa = PBXBuildFile; fileRef = 81E3D157199E634E009B87A9 /* NavigationViewController.m */; };
		82D529B6C225476AB5C80EFD /* libPods-nysora.a in Frameworks */ = {isa = PBXBuildFile; fileRef = E058E19BAC7A45E0A8D8FB95 /* libPods-nysora.a */; };
		8FCB1902BC04438DA01D6884 /* libPods-nysoraTests.a in Frameworks */ = {isa = PBXBuildFile; fileRef = 29A71D2A35F84D4EB46B1F58 /* libPods-nysoraTests.a */; };
/* End PBXBuildFile section */

/* Begin PBXContainerItemProxy section */
		25AC32B519994C2A00C872F7 /* PBXContainerItemProxy */ = {
			isa = PBXContainerItemProxy;
			containerPortal = 25AC329619994C2A00C872F7 /* Project object */;
			proxyType = 1;
			remoteGlobalIDString = 25AC329D19994C2A00C872F7;
			remoteInfo = nysora;
		};
/* End PBXContainerItemProxy section */

/* Begin PBXFileReference section */
		25169E68199A091C0000304B /* HeaderViewController.h */ = {isa = PBXFileReference; fileEncoding = 4; lastKnownFileType = sourcecode.c.h; path = HeaderViewController.h; sourceTree = "<group>"; };
		25169E69199A091C0000304B /* HeaderViewController.m */ = {isa = PBXFileReference; fileEncoding = 4; lastKnownFileType = sourcecode.c.objc; path = HeaderViewController.m; sourceTree = "<group>"; };
		252C263E19A3F962005BF985 /* NYSORAHeaderTableViewCell.h */ = {isa = PBXFileReference; fileEncoding = 4; lastKnownFileType = sourcecode.c.h; path = NYSORAHeaderTableViewCell.h; sourceTree = "<group>"; };
		252C263F19A3F962005BF985 /* NYSORAHeaderTableViewCell.m */ = {isa = PBXFileReference; fileEncoding = 4; lastKnownFileType = sourcecode.c.objc; path = NYSORAHeaderTableViewCell.m; sourceTree = "<group>"; };
		2545192219A51D44000E9AE1 /* NYSORAHeadersPaginationView.h */ = {isa = PBXFileReference; fileEncoding = 4; lastKnownFileType = sourcecode.c.h; path = NYSORAHeadersPaginationView.h; sourceTree = "<group>"; };
		2545192319A51D44000E9AE1 /* NYSORAHeadersPaginationView.m */ = {isa = PBXFileReference; fileEncoding = 4; lastKnownFileType = sourcecode.c.objc; path = NYSORAHeadersPaginationView.m; sourceTree = "<group>"; };
		25AC329E19994C2A00C872F7 /* nysora.app */ = {isa = PBXFileReference; explicitFileType = wrapper.application; includeInIndex = 0; path = nysora.app; sourceTree = BUILT_PRODUCTS_DIR; };
		25AC32A219994C2A00C872F7 /* Info.plist */ = {isa = PBXFileReference; lastKnownFileType = text.plist.xml; path = Info.plist; sourceTree = "<group>"; };
		25AC32A319994C2A00C872F7 /* main.m */ = {isa = PBXFileReference; lastKnownFileType = sourcecode.c.objc; path = main.m; sourceTree = "<group>"; };
		25AC32A519994C2A00C872F7 /* AppDelegate.h */ = {isa = PBXFileReference; lastKnownFileType = sourcecode.c.h; path = AppDelegate.h; sourceTree = "<group>"; };
		25AC32A619994C2A00C872F7 /* AppDelegate.m */ = {isa = PBXFileReference; lastKnownFileType = sourcecode.c.objc; path = AppDelegate.m; sourceTree = "<group>"; };
		25AC32A819994C2A00C872F7 /* ViewController.h */ = {isa = PBXFileReference; lastKnownFileType = sourcecode.c.h; path = ViewController.h; sourceTree = "<group>"; };
		25AC32A919994C2A00C872F7 /* ViewController.m */ = {isa = PBXFileReference; lastKnownFileType = sourcecode.c.objc; path = ViewController.m; sourceTree = "<group>"; };
		25AC32AC19994C2A00C872F7 /* Base */ = {isa = PBXFileReference; lastKnownFileType = file.storyboard; name = Base; path = Base.lproj/Main.storyboard; sourceTree = "<group>"; };
		25AC32AE19994C2A00C872F7 /* Images.xcassets */ = {isa = PBXFileReference; lastKnownFileType = folder.assetcatalog; path = Images.xcassets; sourceTree = "<group>"; };
		25AC32B419994C2A00C872F7 /* nysoraTests.xctest */ = {isa = PBXFileReference; explicitFileType = wrapper.cfbundle; includeInIndex = 0; path = nysoraTests.xctest; sourceTree = BUILT_PRODUCTS_DIR; };
		25AC32B919994C2A00C872F7 /* Info.plist */ = {isa = PBXFileReference; lastKnownFileType = text.plist.xml; path = Info.plist; sourceTree = "<group>"; };
		25AC32BA19994C2A00C872F7 /* nysoraTests.m */ = {isa = PBXFileReference; lastKnownFileType = sourcecode.c.objc; path = nysoraTests.m; sourceTree = "<group>"; };
		25AC32C419994DF100C872F7 /* BlockViewController.h */ = {isa = PBXFileReference; fileEncoding = 4; lastKnownFileType = sourcecode.c.h; path = BlockViewController.h; sourceTree = "<group>"; };
		25AC32C519994DF100C872F7 /* BlockViewController.m */ = {isa = PBXFileReference; fileEncoding = 4; lastKnownFileType = sourcecode.c.objc; path = BlockViewController.m; sourceTree = "<group>"; };
		25CB70BA199B885B00266A9B /* content */ = {isa = PBXFileReference; lastKnownFileType = folder; name = content; path = nysora/content; sourceTree = "<group>"; };
		25D2385C19A8B8F70021FF38 /* NYSORAFeaturedContentView.h */ = {isa = PBXFileReference; fileEncoding = 4; lastKnownFileType = sourcecode.c.h; path = NYSORAFeaturedContentView.h; sourceTree = "<group>"; };
		25D2385D19A8B8F70021FF38 /* NYSORAFeaturedContentView.m */ = {isa = PBXFileReference; fileEncoding = 4; lastKnownFileType = sourcecode.c.objc; path = NYSORAFeaturedContentView.m; sourceTree = "<group>"; };
		25FE773E19A32BE400332992 /* NYSORABlocksTableViewCell.h */ = {isa = PBXFileReference; fileEncoding = 4; lastKnownFileType = sourcecode.c.h; path = NYSORABlocksTableViewCell.h; sourceTree = "<group>"; };
		25FE773F19A32BE400332992 /* NYSORABlocksTableViewCell.m */ = {isa = PBXFileReference; fileEncoding = 4; lastKnownFileType = sourcecode.c.objc; path = NYSORABlocksTableViewCell.m; sourceTree = "<group>"; };
		25FE774019A32BE400332992 /* NYSORABlocksTableViewCell.xib */ = {isa = PBXFileReference; fileEncoding = 4; lastKnownFileType = file.xib; path = NYSORABlocksTableViewCell.xib; sourceTree = "<group>"; };
		29A71D2A35F84D4EB46B1F58 /* libPods-nysoraTests.a */ = {isa = PBXFileReference; explicitFileType = archive.ar; includeInIndex = 0; path = "libPods-nysoraTests.a"; sourceTree = BUILT_PRODUCTS_DIR; };
		643EB06037384CB98740547C /* Pods-nysora.xcconfig */ = {isa = PBXFileReference; includeInIndex = 1; lastKnownFileType = text.xcconfig; name = "Pods-nysora.xcconfig"; path = "Pods/Pods-nysora.xcconfig"; sourceTree = "<group>"; };
		81D0E9EF19A1009A009B9A79 /* MMDrawerController.m */ = {isa = PBXFileReference; lastKnownFileType = sourcecode.c.objc; name = MMDrawerController.m; path = Pods/MMDrawerController/MMDrawerController/MMDrawerController.m; sourceTree = "<group>"; };
		81D0E9F319A103B0009B9A79 /* DrawerViewController.h */ = {isa = PBXFileReference; fileEncoding = 4; lastKnownFileType = sourcecode.c.h; path = DrawerViewController.h; sourceTree = "<group>"; };
		81D0E9F419A103B0009B9A79 /* DrawerViewController.m */ = {isa = PBXFileReference; fileEncoding = 4; lastKnownFileType = sourcecode.c.objc; path = DrawerViewController.m; sourceTree = "<group>"; };
		81D0E9F619A10523009B9A79 /* MMDrawerBarButtonItem.m */ = {isa = PBXFileReference; lastKnownFileType = sourcecode.c.objc; name = MMDrawerBarButtonItem.m; path = Pods/MMDrawerController/MMDrawerController/MMDrawerBarButtonItem.m; sourceTree = "<group>"; };
		81D0E9F819A14985009B9A79 /* MMDrawerVisualState.m */ = {isa = PBXFileReference; lastKnownFileType = sourcecode.c.objc; name = MMDrawerVisualState.m; path = Pods/MMDrawerController/MMDrawerController/MMDrawerVisualState.m; sourceTree = "<group>"; };
		81D0E9FA19A149F6009B9A79 /* MMExampleDrawerVisualStateManager.h */ = {isa = PBXFileReference; fileEncoding = 4; lastKnownFileType = sourcecode.c.h; path = MMExampleDrawerVisualStateManager.h; sourceTree = "<group>"; };
		81D0E9FB19A149F6009B9A79 /* MMExampleDrawerVisualStateManager.m */ = {isa = PBXFileReference; fileEncoding = 4; lastKnownFileType = sourcecode.c.objc; path = MMExampleDrawerVisualStateManager.m; sourceTree = "<group>"; };
		81D0E9FE19A14CB2009B9A79 /* UIViewController+MMDrawerController.m */ = {isa = PBXFileReference; lastKnownFileType = sourcecode.c.objc; name = "UIViewController+MMDrawerController.m"; path = "Pods/MMDrawerController/MMDrawerController/UIViewController+MMDrawerController.m"; sourceTree = "<group>"; };
		81D0EA0619A25758009B9A79 /* MMTableViewCell.h */ = {isa = PBXFileReference; fileEncoding = 4; lastKnownFileType = sourcecode.c.h; path = MMTableViewCell.h; sourceTree = "<group>"; };
		81D0EA0719A25758009B9A79 /* MMTableViewCell.m */ = {isa = PBXFileReference; fileEncoding = 4; lastKnownFileType = sourcecode.c.objc; path = MMTableViewCell.m; sourceTree = "<group>"; };
		81D0EA0919A3BEE1009B9A79 /* MMSideDrawerTableViewCell.h */ = {isa = PBXFileReference; fileEncoding = 4; lastKnownFileType = sourcecode.c.h; path = MMSideDrawerTableViewCell.h; sourceTree = "<group>"; };
		81D0EA0A19A3BEE1009B9A79 /* MMSideDrawerTableViewCell.m */ = {isa = PBXFileReference; fileEncoding = 4; lastKnownFileType = sourcecode.c.objc; path = MMSideDrawerTableViewCell.m; sourceTree = "<group>"; };
		81E3D156199E634E009B87A9 /* NavigationViewController.h */ = {isa = PBXFileReference; fileEncoding = 4; lastKnownFileType = sourcecode.c.h; path = NavigationViewController.h; sourceTree = "<group>"; };
		81E3D157199E634E009B87A9 /* NavigationViewController.m */ = {isa = PBXFileReference; fileEncoding = 4; lastKnownFileType = sourcecode.c.objc; path = NavigationViewController.m; sourceTree = "<group>"; };
		D530560F18504155A246FE48 /* Pods-nysoraTests.xcconfig */ = {isa = PBXFileReference; includeInIndex = 1; lastKnownFileType = text.xcconfig; name = "Pods-nysoraTests.xcconfig"; path = "Pods/Pods-nysoraTests.xcconfig"; sourceTree = "<group>"; };
		E058E19BAC7A45E0A8D8FB95 /* libPods-nysora.a */ = {isa = PBXFileReference; explicitFileType = archive.ar; includeInIndex = 0; path = "libPods-nysora.a"; sourceTree = BUILT_PRODUCTS_DIR; };
/* End PBXFileReference section */

/* Begin PBXFrameworksBuildPhase section */
		25AC329B19994C2A00C872F7 /* Frameworks */ = {
			isa = PBXFrameworksBuildPhase;
			buildActionMask = 2147483647;
			files = (
				82D529B6C225476AB5C80EFD /* libPods-nysora.a in Frameworks */,
			);
			runOnlyForDeploymentPostprocessing = 0;
		};
		25AC32B119994C2A00C872F7 /* Frameworks */ = {
			isa = PBXFrameworksBuildPhase;
			buildActionMask = 2147483647;
			files = (
				8FCB1902BC04438DA01D6884 /* libPods-nysoraTests.a in Frameworks */,
			);
			runOnlyForDeploymentPostprocessing = 0;
		};
/* End PBXFrameworksBuildPhase section */

/* Begin PBXGroup section */
		25169E67199A08FA0000304B /* vcs */ = {
			isa = PBXGroup;
			children = (
				81E3D156199E634E009B87A9 /* NavigationViewController.h */,
				81E3D157199E634E009B87A9 /* NavigationViewController.m */,
				81D0E9F319A103B0009B9A79 /* DrawerViewController.h */,
				81D0E9F419A103B0009B9A79 /* DrawerViewController.m */,
				25AC32A819994C2A00C872F7 /* ViewController.h */,
				25AC32A919994C2A00C872F7 /* ViewController.m */,
				25AC32C419994DF100C872F7 /* BlockViewController.h */,
				25AC32C519994DF100C872F7 /* BlockViewController.m */,
				25169E68199A091C0000304B /* HeaderViewController.h */,
				25169E69199A091C0000304B /* HeaderViewController.m */,
			);
			name = vcs;
			sourceTree = "<group>";
		};
		252C263D19A3F943005BF985 /* headersTableViewCell */ = {
			isa = PBXGroup;
			children = (
				252C263E19A3F962005BF985 /* NYSORAHeaderTableViewCell.h */,
				252C263F19A3F962005BF985 /* NYSORAHeaderTableViewCell.m */,
			);
			name = headersTableViewCell;
			sourceTree = "<group>";
		};
		2545192119A51D04000E9AE1 /* headersPaginationView */ = {
			isa = PBXGroup;
			children = (
				2545192219A51D44000E9AE1 /* NYSORAHeadersPaginationView.h */,
				2545192319A51D44000E9AE1 /* NYSORAHeadersPaginationView.m */,
			);
			name = headersPaginationView;
			sourceTree = "<group>";
		};
		25AC329519994C2A00C872F7 = {
			isa = PBXGroup;
			children = (
				25FE773B19A2A07700332992 /* MMDrawerController */,
				25CB70BA199B885B00266A9B /* content */,
				25AC32A019994C2A00C872F7 /* nysora */,
				25AC32B719994C2A00C872F7 /* nysoraTests */,
				25AC329F19994C2A00C872F7 /* Products */,
				643EB06037384CB98740547C /* Pods-nysora.xcconfig */,
				AF2920ECA49E4C78B0BAD562 /* Frameworks */,
				D530560F18504155A246FE48 /* Pods-nysoraTests.xcconfig */,
			);
			sourceTree = "<group>";
		};
		25AC329F19994C2A00C872F7 /* Products */ = {
			isa = PBXGroup;
			children = (
				25AC329E19994C2A00C872F7 /* nysora.app */,
				25AC32B419994C2A00C872F7 /* nysoraTests.xctest */,
			);
			name = Products;
			sourceTree = "<group>";
		};
		25AC32A019994C2A00C872F7 /* nysora */ = {
			isa = PBXGroup;
			children = (
				25FE773C19A32B7900332992 /* custom views */,
				81D0E9FD19A14A00009B9A79 /* VisualStateManager */,
				25169E67199A08FA0000304B /* vcs */,
				25AC32A519994C2A00C872F7 /* AppDelegate.h */,
				25AC32A619994C2A00C872F7 /* AppDelegate.m */,
				25AC32AB19994C2A00C872F7 /* Main.storyboard */,
				25AC32AE19994C2A00C872F7 /* Images.xcassets */,
				25AC32A119994C2A00C872F7 /* Supporting Files */,
			);
			path = nysora;
			sourceTree = "<group>";
		};
		25AC32A119994C2A00C872F7 /* Supporting Files */ = {
			isa = PBXGroup;
			children = (
				25AC32A219994C2A00C872F7 /* Info.plist */,
				25AC32A319994C2A00C872F7 /* main.m */,
			);
			name = "Supporting Files";
			sourceTree = "<group>";
		};
		25AC32B719994C2A00C872F7 /* nysoraTests */ = {
			isa = PBXGroup;
			children = (
				25AC32BA19994C2A00C872F7 /* nysoraTests.m */,
				25AC32B819994C2A00C872F7 /* Supporting Files */,
			);
			path = nysoraTests;
			sourceTree = "<group>";
		};
		25AC32B819994C2A00C872F7 /* Supporting Files */ = {
			isa = PBXGroup;
			children = (
				25AC32B919994C2A00C872F7 /* Info.plist */,
			);
			name = "Supporting Files";
			sourceTree = "<group>";
		};
		25D2385B19A8B8DC0021FF38 /* featuredContentView */ = {
			isa = PBXGroup;
			children = (
				25D2385C19A8B8F70021FF38 /* NYSORAFeaturedContentView.h */,
				25D2385D19A8B8F70021FF38 /* NYSORAFeaturedContentView.m */,
			);
			name = featuredContentView;
			sourceTree = "<group>";
		};
		25FE773B19A2A07700332992 /* MMDrawerController */ = {
			isa = PBXGroup;
			children = (
				81D0E9FE19A14CB2009B9A79 /* UIViewController+MMDrawerController.m */,
				81D0E9F819A14985009B9A79 /* MMDrawerVisualState.m */,
				81D0E9F619A10523009B9A79 /* MMDrawerBarButtonItem.m */,
				81D0E9EF19A1009A009B9A79 /* MMDrawerController.m */,
				81D0EA0619A25758009B9A79 /* MMTableViewCell.h */,
				81D0EA0719A25758009B9A79 /* MMTableViewCell.m */,
				81D0EA0919A3BEE1009B9A79 /* MMSideDrawerTableViewCell.h */,
				81D0EA0A19A3BEE1009B9A79 /* MMSideDrawerTableViewCell.m */,
			);
			name = MMDrawerController;
			sourceTree = "<group>";
		};
		25FE773C19A32B7900332992 /* custom views */ = {
			isa = PBXGroup;
			children = (
				25D2385B19A8B8DC0021FF38 /* featuredContentView */,
				2545192119A51D04000E9AE1 /* headersPaginationView */,
				252C263D19A3F943005BF985 /* headersTableViewCell */,
				25FE773D19A32BAF00332992 /* blocksTableViewCell */,
			);
			name = "custom views";
			sourceTree = "<group>";
		};
		25FE773D19A32BAF00332992 /* blocksTableViewCell */ = {
			isa = PBXGroup;
			children = (
				25FE773E19A32BE400332992 /* NYSORABlocksTableViewCell.h */,
				25FE773F19A32BE400332992 /* NYSORABlocksTableViewCell.m */,
				25FE774019A32BE400332992 /* NYSORABlocksTableViewCell.xib */,
			);
			name = blocksTableViewCell;
			sourceTree = "<group>";
		};
		81D0E9FD19A14A00009B9A79 /* VisualStateManager */ = {
			isa = PBXGroup;
			children = (
				81D0E9FA19A149F6009B9A79 /* MMExampleDrawerVisualStateManager.h */,
				81D0E9FB19A149F6009B9A79 /* MMExampleDrawerVisualStateManager.m */,
			);
			name = VisualStateManager;
			sourceTree = "<group>";
		};
		AF2920ECA49E4C78B0BAD562 /* Frameworks */ = {
			isa = PBXGroup;
			children = (
				E058E19BAC7A45E0A8D8FB95 /* libPods-nysora.a */,
				29A71D2A35F84D4EB46B1F58 /* libPods-nysoraTests.a */,
			);
			name = Frameworks;
			sourceTree = "<group>";
		};
/* End PBXGroup section */

/* Begin PBXNativeTarget section */
		25AC329D19994C2A00C872F7 /* nysora */ = {
			isa = PBXNativeTarget;
			buildConfigurationList = 25AC32BE19994C2A00C872F7 /* Build configuration list for PBXNativeTarget "nysora" */;
			buildPhases = (
				8BECFFDC3D034D26AEB549BB /* Check Pods Manifest.lock */,
				25AC329A19994C2A00C872F7 /* Sources */,
				25AC329B19994C2A00C872F7 /* Frameworks */,
				25AC329C19994C2A00C872F7 /* Resources */,
				55B1EECB07B140219970B9F3 /* Copy Pods Resources */,
			);
			buildRules = (
			);
			dependencies = (
			);
			name = nysora;
			productName = nysora;
			productReference = 25AC329E19994C2A00C872F7 /* nysora.app */;
			productType = "com.apple.product-type.application";
		};
		25AC32B319994C2A00C872F7 /* nysoraTests */ = {
			isa = PBXNativeTarget;
			buildConfigurationList = 25AC32C119994C2A00C872F7 /* Build configuration list for PBXNativeTarget "nysoraTests" */;
			buildPhases = (
				92C1A89169B54268BC9C911B /* Check Pods Manifest.lock */,
				25AC32B019994C2A00C872F7 /* Sources */,
				25AC32B119994C2A00C872F7 /* Frameworks */,
				25AC32B219994C2A00C872F7 /* Resources */,
				0662BD1A214D48D38BE368DC /* Copy Pods Resources */,
			);
			buildRules = (
			);
			dependencies = (
				25AC32B619994C2A00C872F7 /* PBXTargetDependency */,
			);
			name = nysoraTests;
			productName = nysoraTests;
			productReference = 25AC32B419994C2A00C872F7 /* nysoraTests.xctest */;
			productType = "com.apple.product-type.bundle.unit-test";
		};
/* End PBXNativeTarget section */

/* Begin PBXProject section */
		25AC329619994C2A00C872F7 /* Project object */ = {
			isa = PBXProject;
			attributes = {
				LastUpgradeCheck = 0600;
				ORGANIZATIONNAME = "Upload LLC";
				TargetAttributes = {
					25AC329D19994C2A00C872F7 = {
						CreatedOnToolsVersion = 6.0;
						DevelopmentTeam = 4BX8N29572;
					};
					25AC32B319994C2A00C872F7 = {
						CreatedOnToolsVersion = 6.0;
						TestTargetID = 25AC329D19994C2A00C872F7;
					};
				};
			};
			buildConfigurationList = 25AC329919994C2A00C872F7 /* Build configuration list for PBXProject "nysora" */;
			compatibilityVersion = "Xcode 3.2";
			developmentRegion = English;
			hasScannedForEncodings = 0;
			knownRegions = (
				en,
				Base,
			);
			mainGroup = 25AC329519994C2A00C872F7;
			productRefGroup = 25AC329F19994C2A00C872F7 /* Products */;
			projectDirPath = "";
			projectRoot = "";
			targets = (
				25AC329D19994C2A00C872F7 /* nysora */,
				25AC32B319994C2A00C872F7 /* nysoraTests */,
			);
		};
/* End PBXProject section */

/* Begin PBXResourcesBuildPhase section */
		25AC329C19994C2A00C872F7 /* Resources */ = {
			isa = PBXResourcesBuildPhase;
			buildActionMask = 2147483647;
			files = (
				25CB70BB199B885B00266A9B /* content in Resources */,
				25AC32AD19994C2A00C872F7 /* Main.storyboard in Resources */,
				25AC32AF19994C2A00C872F7 /* Images.xcassets in Resources */,
				25FE774219A32BE400332992 /* NYSORABlocksTableViewCell.xib in Resources */,
			);
			runOnlyForDeploymentPostprocessing = 0;
		};
		25AC32B219994C2A00C872F7 /* Resources */ = {
			isa = PBXResourcesBuildPhase;
			buildActionMask = 2147483647;
			files = (
				25A59F2D19A7DB0F00D7936F /* content in Resources */,
			);
			runOnlyForDeploymentPostprocessing = 0;
		};
/* End PBXResourcesBuildPhase section */

/* Begin PBXShellScriptBuildPhase section */
		0662BD1A214D48D38BE368DC /* Copy Pods Resources */ = {
			isa = PBXShellScriptBuildPhase;
			buildActionMask = 2147483647;
			files = (
			);
			inputPaths = (
			);
			name = "Copy Pods Resources";
			outputPaths = (
			);
			runOnlyForDeploymentPostprocessing = 0;
			shellPath = /bin/sh;
			shellScript = "\"${SRCROOT}/Pods/Pods-nysoraTests-resources.sh\"\n";
			showEnvVarsInLog = 0;
		};
		55B1EECB07B140219970B9F3 /* Copy Pods Resources */ = {
			isa = PBXShellScriptBuildPhase;
			buildActionMask = 2147483647;
			files = (
			);
			inputPaths = (
			);
			name = "Copy Pods Resources";
			outputPaths = (
			);
			runOnlyForDeploymentPostprocessing = 0;
			shellPath = /bin/sh;
			shellScript = "\"${SRCROOT}/Pods/Pods-nysora-resources.sh\"\n";
			showEnvVarsInLog = 0;
		};
		8BECFFDC3D034D26AEB549BB /* Check Pods Manifest.lock */ = {
			isa = PBXShellScriptBuildPhase;
			buildActionMask = 2147483647;
			files = (
			);
			inputPaths = (
			);
			name = "Check Pods Manifest.lock";
			outputPaths = (
			);
			runOnlyForDeploymentPostprocessing = 0;
			shellPath = /bin/sh;
			shellScript = "diff \"${PODS_ROOT}/../Podfile.lock\" \"${PODS_ROOT}/Manifest.lock\" > /dev/null\nif [[ $? != 0 ]] ; then\n    cat << EOM\nerror: The sandbox is not in sync with the Podfile.lock. Run 'pod install' or update your CocoaPods installation.\nEOM\n    exit 1\nfi\n";
			showEnvVarsInLog = 0;
		};
		92C1A89169B54268BC9C911B /* Check Pods Manifest.lock */ = {
			isa = PBXShellScriptBuildPhase;
			buildActionMask = 2147483647;
			files = (
			);
			inputPaths = (
			);
			name = "Check Pods Manifest.lock";
			outputPaths = (
			);
			runOnlyForDeploymentPostprocessing = 0;
			shellPath = /bin/sh;
			shellScript = "diff \"${PODS_ROOT}/../Podfile.lock\" \"${PODS_ROOT}/Manifest.lock\" > /dev/null\nif [[ $? != 0 ]] ; then\n    cat << EOM\nerror: The sandbox is not in sync with the Podfile.lock. Run 'pod install' or update your CocoaPods installation.\nEOM\n    exit 1\nfi\n";
			showEnvVarsInLog = 0;
		};
/* End PBXShellScriptBuildPhase section */

/* Begin PBXSourcesBuildPhase section */
		25AC329A19994C2A00C872F7 /* Sources */ = {
			isa = PBXSourcesBuildPhase;
			buildActionMask = 2147483647;
			files = (
				81D0E9FF19A14CB2009B9A79 /* UIViewController+MMDrawerController.m in Sources */,
				25FE774119A32BE400332992 /* NYSORABlocksTableViewCell.m in Sources */,
				25D2385E19A8B8F70021FF38 /* NYSORAFeaturedContentView.m in Sources */,
				252C264019A3F962005BF985 /* NYSORAHeaderTableViewCell.m in Sources */,
				81D0E9F919A14985009B9A79 /* MMDrawerVisualState.m in Sources */,
				81D0E9F719A10523009B9A79 /* MMDrawerBarButtonItem.m in Sources */,
				81D0EA0B19A3BEE1009B9A79 /* MMSideDrawerTableViewCell.m in Sources */,
				2545192419A51D44000E9AE1 /* NYSORAHeadersPaginationView.m in Sources */,
				81D0E9F019A1009A009B9A79 /* MMDrawerController.m in Sources */,
				81D0EA0819A25758009B9A79 /* MMTableViewCell.m in Sources */,
				25AC32AA19994C2A00C872F7 /* ViewController.m in Sources */,
				25AC32A719994C2A00C872F7 /* AppDelegate.m in Sources */,
				81E3D158199E634E009B87A9 /* NavigationViewController.m in Sources */,
				25AC32C619994DF100C872F7 /* BlockViewController.m in Sources */,
				81D0E9F519A103B0009B9A79 /* DrawerViewController.m in Sources */,
				25AC32A419994C2A00C872F7 /* main.m in Sources */,
				25169E6A199A091C0000304B /* HeaderViewController.m in Sources */,
				81D0E9FC19A149F6009B9A79 /* MMExampleDrawerVisualStateManager.m in Sources */,
			);
			runOnlyForDeploymentPostprocessing = 0;
		};
		25AC32B019994C2A00C872F7 /* Sources */ = {
			isa = PBXSourcesBuildPhase;
			buildActionMask = 2147483647;
			files = (
				25AC32BB19994C2A00C872F7 /* nysoraTests.m in Sources */,
			);
			runOnlyForDeploymentPostprocessing = 0;
		};
/* End PBXSourcesBuildPhase section */

/* Begin PBXTargetDependency section */
		25AC32B619994C2A00C872F7 /* PBXTargetDependency */ = {
			isa = PBXTargetDependency;
			target = 25AC329D19994C2A00C872F7 /* nysora */;
			targetProxy = 25AC32B519994C2A00C872F7 /* PBXContainerItemProxy */;
		};
/* End PBXTargetDependency section */

/* Begin PBXVariantGroup section */
		25AC32AB19994C2A00C872F7 /* Main.storyboard */ = {
			isa = PBXVariantGroup;
			children = (
				25AC32AC19994C2A00C872F7 /* Base */,
			);
			name = Main.storyboard;
			sourceTree = "<group>";
		};
/* End PBXVariantGroup section */

/* Begin XCBuildConfiguration section */
		25AC32BC19994C2A00C872F7 /* Debug */ = {
			isa = XCBuildConfiguration;
			buildSettings = {
				ALWAYS_SEARCH_USER_PATHS = NO;
				CLANG_CXX_LANGUAGE_STANDARD = "gnu++0x";
				CLANG_CXX_LIBRARY = "libc++";
				CLANG_ENABLE_MODULES = YES;
				CLANG_ENABLE_OBJC_ARC = YES;
				CLANG_WARN_BOOL_CONVERSION = YES;
				CLANG_WARN_CONSTANT_CONVERSION = YES;
				CLANG_WARN_DIRECT_OBJC_ISA_USAGE = YES_ERROR;
				CLANG_WARN_EMPTY_BODY = YES;
				CLANG_WARN_ENUM_CONVERSION = YES;
				CLANG_WARN_INT_CONVERSION = YES;
				CLANG_WARN_OBJC_ROOT_CLASS = YES_ERROR;
				CLANG_WARN_UNREACHABLE_CODE = YES;
				CLANG_WARN__DUPLICATE_METHOD_MATCH = YES;
				CODE_SIGN_IDENTITY = "iPhone Developer: Johan Hornell (CW7C5XS9HR)";
				"CODE_SIGN_IDENTITY[sdk=iphoneos*]" = "iPhone Developer: Johan Hornell (CW7C5XS9HR)";
				COPY_PHASE_STRIP = NO;
				ENABLE_STRICT_OBJC_MSGSEND = YES;
				GCC_C_LANGUAGE_STANDARD = gnu99;
				GCC_DYNAMIC_NO_PIC = NO;
				GCC_OPTIMIZATION_LEVEL = 0;
				GCC_PREPROCESSOR_DEFINITIONS = (
					"DEBUG=1",
					"$(inherited)",
				);
				GCC_SYMBOLS_PRIVATE_EXTERN = NO;
				GCC_WARN_64_TO_32_BIT_CONVERSION = YES;
				GCC_WARN_ABOUT_RETURN_TYPE = YES_ERROR;
				GCC_WARN_UNDECLARED_SELECTOR = YES;
				GCC_WARN_UNINITIALIZED_AUTOS = YES_AGGRESSIVE;
				GCC_WARN_UNUSED_FUNCTION = YES;
				GCC_WARN_UNUSED_VARIABLE = YES;
				IPHONEOS_DEPLOYMENT_TARGET = 8.0;
				METAL_ENABLE_DEBUG_INFO = YES;
				ONLY_ACTIVE_ARCH = YES;
				SDKROOT = iphoneos;
				TARGETED_DEVICE_FAMILY = "1,2";
			};
			name = Debug;
		};
		25AC32BD19994C2A00C872F7 /* Release */ = {
			isa = XCBuildConfiguration;
			buildSettings = {
				ALWAYS_SEARCH_USER_PATHS = NO;
				CLANG_CXX_LANGUAGE_STANDARD = "gnu++0x";
				CLANG_CXX_LIBRARY = "libc++";
				CLANG_ENABLE_MODULES = YES;
				CLANG_ENABLE_OBJC_ARC = YES;
				CLANG_WARN_BOOL_CONVERSION = YES;
				CLANG_WARN_CONSTANT_CONVERSION = YES;
				CLANG_WARN_DIRECT_OBJC_ISA_USAGE = YES_ERROR;
				CLANG_WARN_EMPTY_BODY = YES;
				CLANG_WARN_ENUM_CONVERSION = YES;
				CLANG_WARN_INT_CONVERSION = YES;
				CLANG_WARN_OBJC_ROOT_CLASS = YES_ERROR;
				CLANG_WARN_UNREACHABLE_CODE = YES;
				CLANG_WARN__DUPLICATE_METHOD_MATCH = YES;
				CODE_SIGN_IDENTITY = "iPhone Developer: Johan Hornell (CW7C5XS9HR)";
				"CODE_SIGN_IDENTITY[sdk=iphoneos*]" = "iPhone Developer: Johan Hornell (CW7C5XS9HR)";
				COPY_PHASE_STRIP = YES;
				ENABLE_NS_ASSERTIONS = NO;
				ENABLE_STRICT_OBJC_MSGSEND = YES;
				GCC_C_LANGUAGE_STANDARD = gnu99;
				GCC_WARN_64_TO_32_BIT_CONVERSION = YES;
				GCC_WARN_ABOUT_RETURN_TYPE = YES_ERROR;
				GCC_WARN_UNDECLARED_SELECTOR = YES;
				GCC_WARN_UNINITIALIZED_AUTOS = YES_AGGRESSIVE;
				GCC_WARN_UNUSED_FUNCTION = YES;
				GCC_WARN_UNUSED_VARIABLE = YES;
				IPHONEOS_DEPLOYMENT_TARGET = 8.0;
				METAL_ENABLE_DEBUG_INFO = NO;
				SDKROOT = iphoneos;
				TARGETED_DEVICE_FAMILY = "1,2";
				VALIDATE_PRODUCT = YES;
			};
			name = Release;
		};
		25AC32BF19994C2A00C872F7 /* Debug */ = {
			isa = XCBuildConfiguration;
			baseConfigurationReference = 643EB06037384CB98740547C /* Pods-nysora.xcconfig */;
			buildSettings = {
				ASSETCATALOG_COMPILER_APPICON_NAME = AppIcon;
				ASSETCATALOG_COMPILER_LAUNCHIMAGE_NAME = LaunchImage;
				CODE_SIGN_IDENTITY = "iPhone Developer: Johan Hornell (CW7C5XS9HR)";
				"CODE_SIGN_IDENTITY[sdk=iphoneos*]" = "iPhone Developer: Johan Hornell (CW7C5XS9HR)";
				INFOPLIST_FILE = nysora/Info.plist;
				IPHONEOS_DEPLOYMENT_TARGET = 7.1;
				LD_RUNPATH_SEARCH_PATHS = "$(inherited) @executable_path/Frameworks";
				PRODUCT_NAME = "$(TARGET_NAME)";
			};
			name = Debug;
		};
		25AC32C019994C2A00C872F7 /* Release */ = {
			isa = XCBuildConfiguration;
			baseConfigurationReference = 643EB06037384CB98740547C /* Pods-nysora.xcconfig */;
			buildSettings = {
				ASSETCATALOG_COMPILER_APPICON_NAME = AppIcon;
				ASSETCATALOG_COMPILER_LAUNCHIMAGE_NAME = LaunchImage;
				CODE_SIGN_IDENTITY = "iPhone Developer: Johan Hornell (CW7C5XS9HR)";
				"CODE_SIGN_IDENTITY[sdk=iphoneos*]" = "iPhone Developer: Johan Hornell (CW7C5XS9HR)";
				INFOPLIST_FILE = nysora/Info.plist;
				IPHONEOS_DEPLOYMENT_TARGET = 7.1;
				LD_RUNPATH_SEARCH_PATHS = "$(inherited) @executable_path/Frameworks";
				PRODUCT_NAME = "$(TARGET_NAME)";
			};
			name = Release;
		};
		25AC32C219994C2A00C872F7 /* Debug */ = {
			isa = XCBuildConfiguration;
			baseConfigurationReference = D530560F18504155A246FE48 /* Pods-nysoraTests.xcconfig */;
			buildSettings = {
				BUNDLE_LOADER = "$(BUILT_PRODUCTS_DIR)/nysora.app/nysora";
				FRAMEWORK_SEARCH_PATHS = (
					"$(SDKROOT)/Developer/Library/Frameworks",
					"$(inherited)",
				);
				GCC_PREPROCESSOR_DEFINITIONS = (
					"DEBUG=1",
					"$(inherited)",
				);
				INFOPLIST_FILE = nysoraTests/Info.plist;
				IPHONEOS_DEPLOYMENT_TARGET = 7.0;
				LD_RUNPATH_SEARCH_PATHS = "$(inherited) @executable_path/Frameworks @loader_path/Frameworks";
				METAL_ENABLE_DEBUG_INFO = YES;
				PRODUCT_NAME = "$(TARGET_NAME)";
				TEST_HOST = "$(BUNDLE_LOADER)";
			};
			name = Debug;
		};
		25AC32C319994C2A00C872F7 /* Release */ = {
			isa = XCBuildConfiguration;
			baseConfigurationReference = D530560F18504155A246FE48 /* Pods-nysoraTests.xcconfig */;
			buildSettings = {
				BUNDLE_LOADER = "$(BUILT_PRODUCTS_DIR)/nysora.app/nysora";
				FRAMEWORK_SEARCH_PATHS = (
					"$(SDKROOT)/Developer/Library/Frameworks",
					"$(inherited)",
				);
				INFOPLIST_FILE = nysoraTests/Info.plist;
				IPHONEOS_DEPLOYMENT_TARGET = 7.0;
				LD_RUNPATH_SEARCH_PATHS = "$(inherited) @executable_path/Frameworks @loader_path/Frameworks";
				METAL_ENABLE_DEBUG_INFO = NO;
				PRODUCT_NAME = "$(TARGET_NAME)";
				TEST_HOST = "$(BUNDLE_LOADER)";
			};
			name = Release;
		};
/* End XCBuildConfiguration section */

/* Begin XCConfigurationList section */
		25AC329919994C2A00C872F7 /* Build configuration list for PBXProject "nysora" */ = {
			isa = XCConfigurationList;
			buildConfigurations = (
				25AC32BC19994C2A00C872F7 /* Debug */,
				25AC32BD19994C2A00C872F7 /* Release */,
			);
			defaultConfigurationIsVisible = 0;
			defaultConfigurationName = Release;
		};
		25AC32BE19994C2A00C872F7 /* Build configuration list for PBXNativeTarget "nysora" */ = {
			isa = XCConfigurationList;
			buildConfigurations = (
				25AC32BF19994C2A00C872F7 /* Debug */,
				25AC32C019994C2A00C872F7 /* Release */,
			);
			defaultConfigurationIsVisible = 0;
			defaultConfigurationName = Release;
		};
		25AC32C119994C2A00C872F7 /* Build configuration list for PBXNativeTarget "nysoraTests" */ = {
			isa = XCConfigurationList;
			buildConfigurations = (
				25AC32C219994C2A00C872F7 /* Debug */,
				25AC32C319994C2A00C872F7 /* Release */,
			);
			defaultConfigurationIsVisible = 0;
			defaultConfigurationName = Release;
		};
/* End XCConfigurationList section */
	};
	rootObject = 25AC329619994C2A00C872F7 /* Project object */;
}
